
Microsoft Visual Studio Solution File, Format Version 12.00
# Visual Studio Version 17
VisualStudioVersion = 17.12.35527.113 d17.12
MinimumVisualStudioVersion = 10.0.40219.1
Project("{FAE04EC0-301F-11D3-BF4B-00C04F79EFBC}") = "Client", "HW_NP_1\Client.csproj", "{98102C5A-71F1-42C7-BD3A-8E17C85F63F7}"
EndProject
Project("{FAE04EC0-301F-11D3-BF4B-00C04F79EFBC}") = "Server", "Server\Server.csproj", "{AAD5FE3D-18D0-41F3-919F-9E6CF75ECCAD}"
EndProject
Global
	GlobalSection(SolutionConfigurationPlatforms) = preSolution
		Debug|Any CPU = Debug|Any CPU
		Release|Any CPU = Release|Any CPU
	EndGlobalSection
	GlobalSection(ProjectConfigurationPlatforms) = postSolution
		{98102C5A-71F1-42C7-BD3A-8E17C85F63F7}.Debug|Any CPU.ActiveCfg = Debug|Any CPU
		{98102C5A-71F1-42C7-BD3A-8E17C85F63F7}.Debug|Any CPU.Build.0 = Debug|Any CPU
		{98102C5A-71F1-42C7-BD3A-8E17C85F63F7}.Release|Any CPU.ActiveCfg = Release|Any CPU
		{98102C5A-71F1-42C7-BD3A-8E17C85F63F7}.Release|Any CPU.Build.0 = Release|Any CPU
		{AAD5FE3D-18D0-41F3-919F-9E6CF75ECCAD}.Debug|Any CPU.ActiveCfg = Debug|Any CPU
		{AAD5FE3D-18D0-41F3-919F-9E6CF75ECCAD}.Debug|Any CPU.Build.0 = Debug|Any CPU
		{AAD5FE3D-18D0-41F3-919F-9E6CF75ECCAD}.Release|Any CPU.ActiveCfg = Release|Any CPU
		{AAD5FE3D-18D0-41F3-919F-9E6CF75ECCAD}.Release|Any CPU.Build.0 = Release|Any CPU
	EndGlobalSection
	GlobalSection(SolutionProperties) = preSolution
		HideSolutionNode = FALSE
	EndGlobalSection
EndGlobal
